
Microsoft Visual Studio Solution File, Format Version 12.00
# Visual Studio Version 17
VisualStudioVersion = 17.6.33801.468
MinimumVisualStudioVersion = 10.0.40219.1
Project("{FAE04EC0-301F-11D3-BF4B-00C04F79EFBC}") = "Mercury", "Mercury\Mercury.csproj", "{5FC41F55-E1F3-4E11-A532-E9B5DF849D60}"
EndProject
Project("{2150E333-8FDC-42A3-9474-1A3956D46DE8}") = "Albedo", "Albedo", "{8411BCFA-E259-4F2A-AD07-F80CE43B4635}"
EndProject
Project("{2150E333-8FDC-42A3-9474-1A3956D46DE8}") = "MarinerX", "MarinerX", "{C2115FC9-124E-462D-B788-6096ABE48C53}"
EndProject
Project("{2150E333-8FDC-42A3-9474-1A3956D46DE8}") = "MarinerXX", "MarinerXX", "{641C28E1-6A25-40CA-BCAC-243E3F37FAD1}"
EndProject
Global
	GlobalSection(SolutionConfigurationPlatforms) = preSolution
		Debug|Any CPU = Debug|Any CPU
		Release|Any CPU = Release|Any CPU
	EndGlobalSection
	GlobalSection(ProjectConfigurationPlatforms) = postSolution
		{5FC41F55-E1F3-4E11-A532-E9B5DF849D60}.Debug|Any CPU.ActiveCfg = Debug|Any CPU
		{5FC41F55-E1F3-4E11-A532-E9B5DF849D60}.Debug|Any CPU.Build.0 = Debug|Any CPU
		{5FC41F55-E1F3-4E11-A532-E9B5DF849D60}.Release|Any CPU.ActiveCfg = Release|Any CPU
		{5FC41F55-E1F3-4E11-A532-E9B5DF849D60}.Release|Any CPU.Build.0 = Release|Any CPU
	EndGlobalSection
	GlobalSection(SolutionProperties) = preSolution
		HideSolutionNode = FALSE
	EndGlobalSection
	GlobalSection(ExtensibilityGlobals) = postSolution
		SolutionGuid = {258428AA-3F08-46CA-A106-747AE0C89119}
	EndGlobalSection
EndGlobal
