
Microsoft Visual Studio Solution File, Format Version 12.00
# Visual Studio Version 17
VisualStudioVersion = 17.6.33801.468
MinimumVisualStudioVersion = 10.0.40219.1
Project("{9A19103F-16F7-4668-BE54-9A1E7A4F7556}") = "Mercury", "Mercury\Mercury.csproj", "{5FC41F55-E1F3-4E11-A532-E9B5DF849D60}"
EndProject
Project("{9A19103F-16F7-4668-BE54-9A1E7A4F7556}") = "MercuryTradingModel", "MercuryTradingModel\MercuryTradingModel.csproj", "{E423E089-DDE1-4955-8442-C4D20956184B}"
EndProject
Project("{9A19103F-16F7-4668-BE54-9A1E7A4F7556}") = "MercuryEditor", "MercuryEditor\MercuryEditor.csproj", "{633E75B2-2E18-42D1-B161-20BAE42E1CF4}"
EndProject
Project("{9A19103F-16F7-4668-BE54-9A1E7A4F7556}") = "Lab", "Lab\Lab.csproj", "{55D6B738-93DD-4431-BEFD-CA3AC1933336}"
EndProject
Project("{9A19103F-16F7-4668-BE54-9A1E7A4F7556}") = "Albedo", "Albedo\Albedo.csproj", "{A19092CD-B8BE-4469-9577-811FCAA30835}"
EndProject
Project("{9A19103F-16F7-4668-BE54-9A1E7A4F7556}") = "Albedo.Trades", "Albedo.Trades\Albedo.Trades.csproj", "{F965B0C0-0FE7-46EB-B926-EDDEC526176A}"
EndProject
Project("{9A19103F-16F7-4668-BE54-9A1E7A4F7556}") = "MarinerX", "MarinerX\MarinerX.csproj", "{9E49E45A-5051-4EFF-AD8A-27E65AC2F81C}"
EndProject
Project("{9A19103F-16F7-4668-BE54-9A1E7A4F7556}") = "TradeBot", "TradeBot\TradeBot.csproj", "{30BD92EC-9B8F-4552-BDC0-E257C4AA03ED}"
EndProject
Project("{9A19103F-16F7-4668-BE54-9A1E7A4F7556}") = "ChartViewer", "ChartViewer\ChartViewer.csproj", "{ACBAEBD7-6F29-4929-90D1-DFFAED6720DE}"
EndProject
Project("{9A19103F-16F7-4668-BE54-9A1E7A4F7556}") = "Backtester", "Backtester\Backtester.csproj", "{9C151610-16BB-4767-A24F-E93A5B406D27}"
EndProject
Project("{9A19103F-16F7-4668-BE54-9A1E7A4F7556}") = "ChartSimulator", "ChartSimulator\ChartSimulator.csproj", "{1CA517EF-D3A3-4F31-97A6-82B9D519718A}"
EndProject
Project("{9A19103F-16F7-4668-BE54-9A1E7A4F7556}") = "Alphasquare", "Alphasquare\Alphasquare.csproj", "{DA6CCAAE-FE4E-448E-A6D9-CF1B4EF97542}"
EndProject
Project("{2150E333-8FDC-42A3-9474-1A3956D46DE8}") = "Stock", "Stock", "{01F19263-E1D5-4CF0-92C4-3B1FFBA184E8}"
EndProject
Project("{2150E333-8FDC-42A3-9474-1A3956D46DE8}") = "Crypto", "Crypto", "{AABA6422-1D25-4379-A013-7804DB23AB9C}"
EndProject
Project("{FAE04EC0-301F-11D3-BF4B-00C04F79EFBC}") = "KiwoomManager", "KiwoomManager\KiwoomManager.csproj", "{3A1502EF-83F5-4869-9A90-4DFCA385B746}"
EndProject
Project("{9A19103F-16F7-4668-BE54-9A1E7A4F7556}") = "MAll", "MAll\MAll.csproj", "{CB71AB89-917F-45F6-804F-7F03758C407F}"
EndProject
Project("{9A19103F-16F7-4668-BE54-9A1E7A4F7556}") = "CryptoProphet", "CryptoProphet\CryptoProphet.csproj", "{D337868D-33C7-4AAA-A0BC-8461DB8EC0FD}"
EndProject
Project("{9A19103F-16F7-4668-BE54-9A1E7A4F7556}") = "TradeBotConsole", "TradeBotConsole\TradeBotConsole.csproj", "{76603E0E-53F0-4216-BC7D-6E3BA4D538C0}"
EndProject
Project("{9A19103F-16F7-4668-BE54-9A1E7A4F7556}") = "GeneticLab", "GeneticLab\GeneticLab.csproj", "{D778518F-0903-4FCD-9464-6A17715A3981}"
EndProject
Project("{8BC9CEB8-8B4A-11D0-8D11-00A0C91BC942}") = "CudaLab", "CudaLab\CudaLab.vcxproj", "{C0E2FF03-AE16-4DB1-A665-ACF6B9754091}"
EndProject
Project("{8BC9CEB8-8B4A-11D0-8D11-00A0C91BC942}") = "CLab", "CLab\CLab.vcxproj", "{A359A9D2-60BF-47D3-916D-17BFA3FA3567}"
EndProject
Global
	GlobalSection(SolutionConfigurationPlatforms) = preSolution
		Debug|Any CPU = Debug|Any CPU
		Debug|x64 = Debug|x64
		Debug|x86 = Debug|x86
		Release|Any CPU = Release|Any CPU
		Release|x64 = Release|x64
		Release|x86 = Release|x86
	EndGlobalSection
	GlobalSection(ProjectConfigurationPlatforms) = postSolution
		{5FC41F55-E1F3-4E11-A532-E9B5DF849D60}.Debug|Any CPU.ActiveCfg = Debug|Any CPU
		{5FC41F55-E1F3-4E11-A532-E9B5DF849D60}.Debug|Any CPU.Build.0 = Debug|Any CPU
		{5FC41F55-E1F3-4E11-A532-E9B5DF849D60}.Debug|x64.ActiveCfg = Debug|Any CPU
		{5FC41F55-E1F3-4E11-A532-E9B5DF849D60}.Debug|x64.Build.0 = Debug|Any CPU
		{5FC41F55-E1F3-4E11-A532-E9B5DF849D60}.Debug|x86.ActiveCfg = Debug|Any CPU
		{5FC41F55-E1F3-4E11-A532-E9B5DF849D60}.Debug|x86.Build.0 = Debug|Any CPU
		{5FC41F55-E1F3-4E11-A532-E9B5DF849D60}.Release|Any CPU.ActiveCfg = Release|Any CPU
		{5FC41F55-E1F3-4E11-A532-E9B5DF849D60}.Release|Any CPU.Build.0 = Release|Any CPU
		{5FC41F55-E1F3-4E11-A532-E9B5DF849D60}.Release|x64.ActiveCfg = Release|Any CPU
		{5FC41F55-E1F3-4E11-A532-E9B5DF849D60}.Release|x64.Build.0 = Release|Any CPU
		{5FC41F55-E1F3-4E11-A532-E9B5DF849D60}.Release|x86.ActiveCfg = Release|Any CPU
		{5FC41F55-E1F3-4E11-A532-E9B5DF849D60}.Release|x86.Build.0 = Release|Any CPU
		{E423E089-DDE1-4955-8442-C4D20956184B}.Debug|Any CPU.ActiveCfg = Debug|Any CPU
		{E423E089-DDE1-4955-8442-C4D20956184B}.Debug|Any CPU.Build.0 = Debug|Any CPU
		{E423E089-DDE1-4955-8442-C4D20956184B}.Debug|x64.ActiveCfg = Debug|Any CPU
		{E423E089-DDE1-4955-8442-C4D20956184B}.Debug|x64.Build.0 = Debug|Any CPU
		{E423E089-DDE1-4955-8442-C4D20956184B}.Debug|x86.ActiveCfg = Debug|Any CPU
		{E423E089-DDE1-4955-8442-C4D20956184B}.Debug|x86.Build.0 = Debug|Any CPU
		{E423E089-DDE1-4955-8442-C4D20956184B}.Release|Any CPU.ActiveCfg = Release|Any CPU
		{E423E089-DDE1-4955-8442-C4D20956184B}.Release|Any CPU.Build.0 = Release|Any CPU
		{E423E089-DDE1-4955-8442-C4D20956184B}.Release|x64.ActiveCfg = Release|Any CPU
		{E423E089-DDE1-4955-8442-C4D20956184B}.Release|x64.Build.0 = Release|Any CPU
		{E423E089-DDE1-4955-8442-C4D20956184B}.Release|x86.ActiveCfg = Release|Any CPU
		{E423E089-DDE1-4955-8442-C4D20956184B}.Release|x86.Build.0 = Release|Any CPU
		{633E75B2-2E18-42D1-B161-20BAE42E1CF4}.Debug|Any CPU.ActiveCfg = Debug|Any CPU
		{633E75B2-2E18-42D1-B161-20BAE42E1CF4}.Debug|Any CPU.Build.0 = Debug|Any CPU
		{633E75B2-2E18-42D1-B161-20BAE42E1CF4}.Debug|x64.ActiveCfg = Debug|Any CPU
		{633E75B2-2E18-42D1-B161-20BAE42E1CF4}.Debug|x64.Build.0 = Debug|Any CPU
		{633E75B2-2E18-42D1-B161-20BAE42E1CF4}.Debug|x86.ActiveCfg = Debug|Any CPU
		{633E75B2-2E18-42D1-B161-20BAE42E1CF4}.Debug|x86.Build.0 = Debug|Any CPU
		{633E75B2-2E18-42D1-B161-20BAE42E1CF4}.Release|Any CPU.ActiveCfg = Release|Any CPU
		{633E75B2-2E18-42D1-B161-20BAE42E1CF4}.Release|Any CPU.Build.0 = Release|Any CPU
		{633E75B2-2E18-42D1-B161-20BAE42E1CF4}.Release|x64.ActiveCfg = Release|Any CPU
		{633E75B2-2E18-42D1-B161-20BAE42E1CF4}.Release|x64.Build.0 = Release|Any CPU
		{633E75B2-2E18-42D1-B161-20BAE42E1CF4}.Release|x86.ActiveCfg = Release|Any CPU
		{633E75B2-2E18-42D1-B161-20BAE42E1CF4}.Release|x86.Build.0 = Release|Any CPU
		{55D6B738-93DD-4431-BEFD-CA3AC1933336}.Debug|Any CPU.ActiveCfg = Debug|Any CPU
		{55D6B738-93DD-4431-BEFD-CA3AC1933336}.Debug|Any CPU.Build.0 = Debug|Any CPU
		{55D6B738-93DD-4431-BEFD-CA3AC1933336}.Debug|x64.ActiveCfg = Debug|Any CPU
		{55D6B738-93DD-4431-BEFD-CA3AC1933336}.Debug|x64.Build.0 = Debug|Any CPU
		{55D6B738-93DD-4431-BEFD-CA3AC1933336}.Debug|x86.ActiveCfg = Debug|Any CPU
		{55D6B738-93DD-4431-BEFD-CA3AC1933336}.Debug|x86.Build.0 = Debug|Any CPU
		{55D6B738-93DD-4431-BEFD-CA3AC1933336}.Release|Any CPU.ActiveCfg = Release|Any CPU
		{55D6B738-93DD-4431-BEFD-CA3AC1933336}.Release|Any CPU.Build.0 = Release|Any CPU
		{55D6B738-93DD-4431-BEFD-CA3AC1933336}.Release|x64.ActiveCfg = Release|Any CPU
		{55D6B738-93DD-4431-BEFD-CA3AC1933336}.Release|x64.Build.0 = Release|Any CPU
		{55D6B738-93DD-4431-BEFD-CA3AC1933336}.Release|x86.ActiveCfg = Release|Any CPU
		{55D6B738-93DD-4431-BEFD-CA3AC1933336}.Release|x86.Build.0 = Release|Any CPU
		{A19092CD-B8BE-4469-9577-811FCAA30835}.Debug|Any CPU.ActiveCfg = Debug|Any CPU
		{A19092CD-B8BE-4469-9577-811FCAA30835}.Debug|Any CPU.Build.0 = Debug|Any CPU
		{A19092CD-B8BE-4469-9577-811FCAA30835}.Debug|x64.ActiveCfg = Debug|Any CPU
		{A19092CD-B8BE-4469-9577-811FCAA30835}.Debug|x64.Build.0 = Debug|Any CPU
		{A19092CD-B8BE-4469-9577-811FCAA30835}.Debug|x86.ActiveCfg = Debug|Any CPU
		{A19092CD-B8BE-4469-9577-811FCAA30835}.Debug|x86.Build.0 = Debug|Any CPU
		{A19092CD-B8BE-4469-9577-811FCAA30835}.Release|Any CPU.ActiveCfg = Release|Any CPU
		{A19092CD-B8BE-4469-9577-811FCAA30835}.Release|Any CPU.Build.0 = Release|Any CPU
		{A19092CD-B8BE-4469-9577-811FCAA30835}.Release|x64.ActiveCfg = Release|Any CPU
		{A19092CD-B8BE-4469-9577-811FCAA30835}.Release|x64.Build.0 = Release|Any CPU
		{A19092CD-B8BE-4469-9577-811FCAA30835}.Release|x86.ActiveCfg = Release|Any CPU
		{A19092CD-B8BE-4469-9577-811FCAA30835}.Release|x86.Build.0 = Release|Any CPU
		{F965B0C0-0FE7-46EB-B926-EDDEC526176A}.Debug|Any CPU.ActiveCfg = Debug|Any CPU
		{F965B0C0-0FE7-46EB-B926-EDDEC526176A}.Debug|Any CPU.Build.0 = Debug|Any CPU
		{F965B0C0-0FE7-46EB-B926-EDDEC526176A}.Debug|x64.ActiveCfg = Debug|Any CPU
		{F965B0C0-0FE7-46EB-B926-EDDEC526176A}.Debug|x64.Build.0 = Debug|Any CPU
		{F965B0C0-0FE7-46EB-B926-EDDEC526176A}.Debug|x86.ActiveCfg = Debug|Any CPU
		{F965B0C0-0FE7-46EB-B926-EDDEC526176A}.Debug|x86.Build.0 = Debug|Any CPU
		{F965B0C0-0FE7-46EB-B926-EDDEC526176A}.Release|Any CPU.ActiveCfg = Release|Any CPU
		{F965B0C0-0FE7-46EB-B926-EDDEC526176A}.Release|Any CPU.Build.0 = Release|Any CPU
		{F965B0C0-0FE7-46EB-B926-EDDEC526176A}.Release|x64.ActiveCfg = Release|Any CPU
		{F965B0C0-0FE7-46EB-B926-EDDEC526176A}.Release|x64.Build.0 = Release|Any CPU
		{F965B0C0-0FE7-46EB-B926-EDDEC526176A}.Release|x86.ActiveCfg = Release|Any CPU
		{F965B0C0-0FE7-46EB-B926-EDDEC526176A}.Release|x86.Build.0 = Release|Any CPU
		{9E49E45A-5051-4EFF-AD8A-27E65AC2F81C}.Debug|Any CPU.ActiveCfg = Debug|Any CPU
		{9E49E45A-5051-4EFF-AD8A-27E65AC2F81C}.Debug|Any CPU.Build.0 = Debug|Any CPU
		{9E49E45A-5051-4EFF-AD8A-27E65AC2F81C}.Debug|x64.ActiveCfg = Debug|Any CPU
		{9E49E45A-5051-4EFF-AD8A-27E65AC2F81C}.Debug|x64.Build.0 = Debug|Any CPU
		{9E49E45A-5051-4EFF-AD8A-27E65AC2F81C}.Debug|x86.ActiveCfg = Debug|Any CPU
		{9E49E45A-5051-4EFF-AD8A-27E65AC2F81C}.Debug|x86.Build.0 = Debug|Any CPU
		{9E49E45A-5051-4EFF-AD8A-27E65AC2F81C}.Release|Any CPU.ActiveCfg = Release|Any CPU
		{9E49E45A-5051-4EFF-AD8A-27E65AC2F81C}.Release|Any CPU.Build.0 = Release|Any CPU
		{9E49E45A-5051-4EFF-AD8A-27E65AC2F81C}.Release|x64.ActiveCfg = Release|Any CPU
		{9E49E45A-5051-4EFF-AD8A-27E65AC2F81C}.Release|x64.Build.0 = Release|Any CPU
		{9E49E45A-5051-4EFF-AD8A-27E65AC2F81C}.Release|x86.ActiveCfg = Release|Any CPU
		{9E49E45A-5051-4EFF-AD8A-27E65AC2F81C}.Release|x86.Build.0 = Release|Any CPU
		{30BD92EC-9B8F-4552-BDC0-E257C4AA03ED}.Debug|Any CPU.ActiveCfg = Debug|Any CPU
		{30BD92EC-9B8F-4552-BDC0-E257C4AA03ED}.Debug|Any CPU.Build.0 = Debug|Any CPU
		{30BD92EC-9B8F-4552-BDC0-E257C4AA03ED}.Debug|x64.ActiveCfg = Debug|Any CPU
		{30BD92EC-9B8F-4552-BDC0-E257C4AA03ED}.Debug|x64.Build.0 = Debug|Any CPU
		{30BD92EC-9B8F-4552-BDC0-E257C4AA03ED}.Debug|x86.ActiveCfg = Debug|Any CPU
		{30BD92EC-9B8F-4552-BDC0-E257C4AA03ED}.Debug|x86.Build.0 = Debug|Any CPU
		{30BD92EC-9B8F-4552-BDC0-E257C4AA03ED}.Release|Any CPU.ActiveCfg = Release|Any CPU
		{30BD92EC-9B8F-4552-BDC0-E257C4AA03ED}.Release|Any CPU.Build.0 = Release|Any CPU
		{30BD92EC-9B8F-4552-BDC0-E257C4AA03ED}.Release|x64.ActiveCfg = Release|Any CPU
		{30BD92EC-9B8F-4552-BDC0-E257C4AA03ED}.Release|x64.Build.0 = Release|Any CPU
		{30BD92EC-9B8F-4552-BDC0-E257C4AA03ED}.Release|x86.ActiveCfg = Release|Any CPU
		{30BD92EC-9B8F-4552-BDC0-E257C4AA03ED}.Release|x86.Build.0 = Release|Any CPU
		{ACBAEBD7-6F29-4929-90D1-DFFAED6720DE}.Debug|Any CPU.ActiveCfg = Debug|Any CPU
		{ACBAEBD7-6F29-4929-90D1-DFFAED6720DE}.Debug|Any CPU.Build.0 = Debug|Any CPU
		{ACBAEBD7-6F29-4929-90D1-DFFAED6720DE}.Debug|x64.ActiveCfg = Debug|Any CPU
		{ACBAEBD7-6F29-4929-90D1-DFFAED6720DE}.Debug|x64.Build.0 = Debug|Any CPU
		{ACBAEBD7-6F29-4929-90D1-DFFAED6720DE}.Debug|x86.ActiveCfg = Debug|Any CPU
		{ACBAEBD7-6F29-4929-90D1-DFFAED6720DE}.Debug|x86.Build.0 = Debug|Any CPU
		{ACBAEBD7-6F29-4929-90D1-DFFAED6720DE}.Release|Any CPU.ActiveCfg = Release|Any CPU
		{ACBAEBD7-6F29-4929-90D1-DFFAED6720DE}.Release|Any CPU.Build.0 = Release|Any CPU
		{ACBAEBD7-6F29-4929-90D1-DFFAED6720DE}.Release|x64.ActiveCfg = Release|Any CPU
		{ACBAEBD7-6F29-4929-90D1-DFFAED6720DE}.Release|x64.Build.0 = Release|Any CPU
		{ACBAEBD7-6F29-4929-90D1-DFFAED6720DE}.Release|x86.ActiveCfg = Release|Any CPU
		{ACBAEBD7-6F29-4929-90D1-DFFAED6720DE}.Release|x86.Build.0 = Release|Any CPU
		{9C151610-16BB-4767-A24F-E93A5B406D27}.Debug|Any CPU.ActiveCfg = Debug|Any CPU
		{9C151610-16BB-4767-A24F-E93A5B406D27}.Debug|Any CPU.Build.0 = Debug|Any CPU
		{9C151610-16BB-4767-A24F-E93A5B406D27}.Debug|x64.ActiveCfg = Debug|Any CPU
		{9C151610-16BB-4767-A24F-E93A5B406D27}.Debug|x64.Build.0 = Debug|Any CPU
		{9C151610-16BB-4767-A24F-E93A5B406D27}.Debug|x86.ActiveCfg = Debug|Any CPU
		{9C151610-16BB-4767-A24F-E93A5B406D27}.Debug|x86.Build.0 = Debug|Any CPU
		{9C151610-16BB-4767-A24F-E93A5B406D27}.Release|Any CPU.ActiveCfg = Release|Any CPU
		{9C151610-16BB-4767-A24F-E93A5B406D27}.Release|Any CPU.Build.0 = Release|Any CPU
		{9C151610-16BB-4767-A24F-E93A5B406D27}.Release|x64.ActiveCfg = Release|Any CPU
		{9C151610-16BB-4767-A24F-E93A5B406D27}.Release|x64.Build.0 = Release|Any CPU
		{9C151610-16BB-4767-A24F-E93A5B406D27}.Release|x86.ActiveCfg = Release|Any CPU
		{9C151610-16BB-4767-A24F-E93A5B406D27}.Release|x86.Build.0 = Release|Any CPU
		{1CA517EF-D3A3-4F31-97A6-82B9D519718A}.Debug|Any CPU.ActiveCfg = Debug|Any CPU
		{1CA517EF-D3A3-4F31-97A6-82B9D519718A}.Debug|Any CPU.Build.0 = Debug|Any CPU
		{1CA517EF-D3A3-4F31-97A6-82B9D519718A}.Debug|x64.ActiveCfg = Debug|Any CPU
		{1CA517EF-D3A3-4F31-97A6-82B9D519718A}.Debug|x64.Build.0 = Debug|Any CPU
		{1CA517EF-D3A3-4F31-97A6-82B9D519718A}.Debug|x86.ActiveCfg = Debug|Any CPU
		{1CA517EF-D3A3-4F31-97A6-82B9D519718A}.Debug|x86.Build.0 = Debug|Any CPU
		{1CA517EF-D3A3-4F31-97A6-82B9D519718A}.Release|Any CPU.ActiveCfg = Release|Any CPU
		{1CA517EF-D3A3-4F31-97A6-82B9D519718A}.Release|Any CPU.Build.0 = Release|Any CPU
		{1CA517EF-D3A3-4F31-97A6-82B9D519718A}.Release|x64.ActiveCfg = Release|Any CPU
		{1CA517EF-D3A3-4F31-97A6-82B9D519718A}.Release|x64.Build.0 = Release|Any CPU
		{1CA517EF-D3A3-4F31-97A6-82B9D519718A}.Release|x86.ActiveCfg = Release|Any CPU
		{1CA517EF-D3A3-4F31-97A6-82B9D519718A}.Release|x86.Build.0 = Release|Any CPU
		{DA6CCAAE-FE4E-448E-A6D9-CF1B4EF97542}.Debug|Any CPU.ActiveCfg = Debug|Any CPU
		{DA6CCAAE-FE4E-448E-A6D9-CF1B4EF97542}.Debug|Any CPU.Build.0 = Debug|Any CPU
		{DA6CCAAE-FE4E-448E-A6D9-CF1B4EF97542}.Debug|x64.ActiveCfg = Debug|Any CPU
		{DA6CCAAE-FE4E-448E-A6D9-CF1B4EF97542}.Debug|x64.Build.0 = Debug|Any CPU
		{DA6CCAAE-FE4E-448E-A6D9-CF1B4EF97542}.Debug|x86.ActiveCfg = Debug|Any CPU
		{DA6CCAAE-FE4E-448E-A6D9-CF1B4EF97542}.Debug|x86.Build.0 = Debug|Any CPU
		{DA6CCAAE-FE4E-448E-A6D9-CF1B4EF97542}.Release|Any CPU.ActiveCfg = Release|Any CPU
		{DA6CCAAE-FE4E-448E-A6D9-CF1B4EF97542}.Release|Any CPU.Build.0 = Release|Any CPU
		{DA6CCAAE-FE4E-448E-A6D9-CF1B4EF97542}.Release|x64.ActiveCfg = Release|Any CPU
		{DA6CCAAE-FE4E-448E-A6D9-CF1B4EF97542}.Release|x64.Build.0 = Release|Any CPU
		{DA6CCAAE-FE4E-448E-A6D9-CF1B4EF97542}.Release|x86.ActiveCfg = Release|Any CPU
		{DA6CCAAE-FE4E-448E-A6D9-CF1B4EF97542}.Release|x86.Build.0 = Release|Any CPU
		{3A1502EF-83F5-4869-9A90-4DFCA385B746}.Debug|Any CPU.ActiveCfg = Debug|Any CPU
		{3A1502EF-83F5-4869-9A90-4DFCA385B746}.Debug|Any CPU.Build.0 = Debug|Any CPU
		{3A1502EF-83F5-4869-9A90-4DFCA385B746}.Debug|x64.ActiveCfg = Debug|Any CPU
		{3A1502EF-83F5-4869-9A90-4DFCA385B746}.Debug|x64.Build.0 = Debug|Any CPU
		{3A1502EF-83F5-4869-9A90-4DFCA385B746}.Debug|x86.ActiveCfg = Debug|Any CPU
		{3A1502EF-83F5-4869-9A90-4DFCA385B746}.Debug|x86.Build.0 = Debug|Any CPU
		{3A1502EF-83F5-4869-9A90-4DFCA385B746}.Release|Any CPU.ActiveCfg = Release|Any CPU
		{3A1502EF-83F5-4869-9A90-4DFCA385B746}.Release|Any CPU.Build.0 = Release|Any CPU
		{3A1502EF-83F5-4869-9A90-4DFCA385B746}.Release|x64.ActiveCfg = Release|Any CPU
		{3A1502EF-83F5-4869-9A90-4DFCA385B746}.Release|x64.Build.0 = Release|Any CPU
		{3A1502EF-83F5-4869-9A90-4DFCA385B746}.Release|x86.ActiveCfg = Release|Any CPU
		{3A1502EF-83F5-4869-9A90-4DFCA385B746}.Release|x86.Build.0 = Release|Any CPU
		{CB71AB89-917F-45F6-804F-7F03758C407F}.Debug|Any CPU.ActiveCfg = Debug|Any CPU
		{CB71AB89-917F-45F6-804F-7F03758C407F}.Debug|Any CPU.Build.0 = Debug|Any CPU
		{CB71AB89-917F-45F6-804F-7F03758C407F}.Debug|x64.ActiveCfg = Debug|Any CPU
		{CB71AB89-917F-45F6-804F-7F03758C407F}.Debug|x64.Build.0 = Debug|Any CPU
		{CB71AB89-917F-45F6-804F-7F03758C407F}.Debug|x86.ActiveCfg = Debug|Any CPU
		{CB71AB89-917F-45F6-804F-7F03758C407F}.Debug|x86.Build.0 = Debug|Any CPU
		{CB71AB89-917F-45F6-804F-7F03758C407F}.Release|Any CPU.ActiveCfg = Release|Any CPU
		{CB71AB89-917F-45F6-804F-7F03758C407F}.Release|Any CPU.Build.0 = Release|Any CPU
		{CB71AB89-917F-45F6-804F-7F03758C407F}.Release|x64.ActiveCfg = Release|Any CPU
		{CB71AB89-917F-45F6-804F-7F03758C407F}.Release|x64.Build.0 = Release|Any CPU
		{CB71AB89-917F-45F6-804F-7F03758C407F}.Release|x86.ActiveCfg = Release|Any CPU
		{CB71AB89-917F-45F6-804F-7F03758C407F}.Release|x86.Build.0 = Release|Any CPU
		{D337868D-33C7-4AAA-A0BC-8461DB8EC0FD}.Debug|Any CPU.ActiveCfg = Debug|Any CPU
		{D337868D-33C7-4AAA-A0BC-8461DB8EC0FD}.Debug|Any CPU.Build.0 = Debug|Any CPU
		{D337868D-33C7-4AAA-A0BC-8461DB8EC0FD}.Debug|x64.ActiveCfg = Debug|Any CPU
		{D337868D-33C7-4AAA-A0BC-8461DB8EC0FD}.Debug|x64.Build.0 = Debug|Any CPU
		{D337868D-33C7-4AAA-A0BC-8461DB8EC0FD}.Debug|x86.ActiveCfg = Debug|Any CPU
		{D337868D-33C7-4AAA-A0BC-8461DB8EC0FD}.Debug|x86.Build.0 = Debug|Any CPU
		{D337868D-33C7-4AAA-A0BC-8461DB8EC0FD}.Release|Any CPU.ActiveCfg = Release|Any CPU
		{D337868D-33C7-4AAA-A0BC-8461DB8EC0FD}.Release|Any CPU.Build.0 = Release|Any CPU
		{D337868D-33C7-4AAA-A0BC-8461DB8EC0FD}.Release|x64.ActiveCfg = Release|Any CPU
		{D337868D-33C7-4AAA-A0BC-8461DB8EC0FD}.Release|x64.Build.0 = Release|Any CPU
		{D337868D-33C7-4AAA-A0BC-8461DB8EC0FD}.Release|x86.ActiveCfg = Release|Any CPU
		{D337868D-33C7-4AAA-A0BC-8461DB8EC0FD}.Release|x86.Build.0 = Release|Any CPU
		{76603E0E-53F0-4216-BC7D-6E3BA4D538C0}.Debug|Any CPU.ActiveCfg = Debug|Any CPU
		{76603E0E-53F0-4216-BC7D-6E3BA4D538C0}.Debug|Any CPU.Build.0 = Debug|Any CPU
		{76603E0E-53F0-4216-BC7D-6E3BA4D538C0}.Debug|x64.ActiveCfg = Debug|Any CPU
		{76603E0E-53F0-4216-BC7D-6E3BA4D538C0}.Debug|x64.Build.0 = Debug|Any CPU
		{76603E0E-53F0-4216-BC7D-6E3BA4D538C0}.Debug|x86.ActiveCfg = Debug|Any CPU
		{76603E0E-53F0-4216-BC7D-6E3BA4D538C0}.Debug|x86.Build.0 = Debug|Any CPU
		{76603E0E-53F0-4216-BC7D-6E3BA4D538C0}.Release|Any CPU.ActiveCfg = Release|Any CPU
		{76603E0E-53F0-4216-BC7D-6E3BA4D538C0}.Release|Any CPU.Build.0 = Release|Any CPU
		{76603E0E-53F0-4216-BC7D-6E3BA4D538C0}.Release|x64.ActiveCfg = Release|Any CPU
		{76603E0E-53F0-4216-BC7D-6E3BA4D538C0}.Release|x64.Build.0 = Release|Any CPU
		{76603E0E-53F0-4216-BC7D-6E3BA4D538C0}.Release|x86.ActiveCfg = Release|Any CPU
		{76603E0E-53F0-4216-BC7D-6E3BA4D538C0}.Release|x86.Build.0 = Release|Any CPU
		{D778518F-0903-4FCD-9464-6A17715A3981}.Debug|Any CPU.ActiveCfg = Debug|Any CPU
		{D778518F-0903-4FCD-9464-6A17715A3981}.Debug|Any CPU.Build.0 = Debug|Any CPU
		{D778518F-0903-4FCD-9464-6A17715A3981}.Debug|x64.ActiveCfg = Debug|Any CPU
		{D778518F-0903-4FCD-9464-6A17715A3981}.Debug|x64.Build.0 = Debug|Any CPU
		{D778518F-0903-4FCD-9464-6A17715A3981}.Debug|x86.ActiveCfg = Debug|Any CPU
		{D778518F-0903-4FCD-9464-6A17715A3981}.Debug|x86.Build.0 = Debug|Any CPU
		{D778518F-0903-4FCD-9464-6A17715A3981}.Release|Any CPU.ActiveCfg = Release|Any CPU
		{D778518F-0903-4FCD-9464-6A17715A3981}.Release|Any CPU.Build.0 = Release|Any CPU
		{D778518F-0903-4FCD-9464-6A17715A3981}.Release|x64.ActiveCfg = Release|Any CPU
		{D778518F-0903-4FCD-9464-6A17715A3981}.Release|x64.Build.0 = Release|Any CPU
		{D778518F-0903-4FCD-9464-6A17715A3981}.Release|x86.ActiveCfg = Release|Any CPU
		{D778518F-0903-4FCD-9464-6A17715A3981}.Release|x86.Build.0 = Release|Any CPU
		{C0E2FF03-AE16-4DB1-A665-ACF6B9754091}.Debug|Any CPU.ActiveCfg = Debug|x64
		{C0E2FF03-AE16-4DB1-A665-ACF6B9754091}.Debug|Any CPU.Build.0 = Debug|x64
		{C0E2FF03-AE16-4DB1-A665-ACF6B9754091}.Debug|x64.ActiveCfg = Debug|x64
		{C0E2FF03-AE16-4DB1-A665-ACF6B9754091}.Debug|x64.Build.0 = Debug|x64
		{C0E2FF03-AE16-4DB1-A665-ACF6B9754091}.Debug|x86.ActiveCfg = Debug|x64
		{C0E2FF03-AE16-4DB1-A665-ACF6B9754091}.Debug|x86.Build.0 = Debug|x64
		{C0E2FF03-AE16-4DB1-A665-ACF6B9754091}.Release|Any CPU.ActiveCfg = Release|x64
		{C0E2FF03-AE16-4DB1-A665-ACF6B9754091}.Release|Any CPU.Build.0 = Release|x64
		{C0E2FF03-AE16-4DB1-A665-ACF6B9754091}.Release|x64.ActiveCfg = Release|x64
		{C0E2FF03-AE16-4DB1-A665-ACF6B9754091}.Release|x64.Build.0 = Release|x64
		{C0E2FF03-AE16-4DB1-A665-ACF6B9754091}.Release|x86.ActiveCfg = Release|x64
		{C0E2FF03-AE16-4DB1-A665-ACF6B9754091}.Release|x86.Build.0 = Release|x64
		{A359A9D2-60BF-47D3-916D-17BFA3FA3567}.Debug|Any CPU.ActiveCfg = Debug|x64
		{A359A9D2-60BF-47D3-916D-17BFA3FA3567}.Debug|Any CPU.Build.0 = Debug|x64
		{A359A9D2-60BF-47D3-916D-17BFA3FA3567}.Debug|x64.ActiveCfg = Debug|x64
		{A359A9D2-60BF-47D3-916D-17BFA3FA3567}.Debug|x64.Build.0 = Debug|x64
		{A359A9D2-60BF-47D3-916D-17BFA3FA3567}.Debug|x86.ActiveCfg = Debug|Win32
		{A359A9D2-60BF-47D3-916D-17BFA3FA3567}.Debug|x86.Build.0 = Debug|Win32
		{A359A9D2-60BF-47D3-916D-17BFA3FA3567}.Release|Any CPU.ActiveCfg = Release|x64
		{A359A9D2-60BF-47D3-916D-17BFA3FA3567}.Release|Any CPU.Build.0 = Release|x64
		{A359A9D2-60BF-47D3-916D-17BFA3FA3567}.Release|x64.ActiveCfg = Release|x64
		{A359A9D2-60BF-47D3-916D-17BFA3FA3567}.Release|x64.Build.0 = Release|x64
		{A359A9D2-60BF-47D3-916D-17BFA3FA3567}.Release|x86.ActiveCfg = Release|Win32
		{A359A9D2-60BF-47D3-916D-17BFA3FA3567}.Release|x86.Build.0 = Release|Win32
	EndGlobalSection
	GlobalSection(SolutionProperties) = preSolution
		HideSolutionNode = FALSE
	EndGlobalSection
	GlobalSection(NestedProjects) = preSolution
		{A19092CD-B8BE-4469-9577-811FCAA30835} = {AABA6422-1D25-4379-A013-7804DB23AB9C}
		{F965B0C0-0FE7-46EB-B926-EDDEC526176A} = {AABA6422-1D25-4379-A013-7804DB23AB9C}
		{9E49E45A-5051-4EFF-AD8A-27E65AC2F81C} = {AABA6422-1D25-4379-A013-7804DB23AB9C}
		{30BD92EC-9B8F-4552-BDC0-E257C4AA03ED} = {AABA6422-1D25-4379-A013-7804DB23AB9C}
		{DA6CCAAE-FE4E-448E-A6D9-CF1B4EF97542} = {01F19263-E1D5-4CF0-92C4-3B1FFBA184E8}
		{3A1502EF-83F5-4869-9A90-4DFCA385B746} = {01F19263-E1D5-4CF0-92C4-3B1FFBA184E8}
		{D337868D-33C7-4AAA-A0BC-8461DB8EC0FD} = {AABA6422-1D25-4379-A013-7804DB23AB9C}
		{76603E0E-53F0-4216-BC7D-6E3BA4D538C0} = {AABA6422-1D25-4379-A013-7804DB23AB9C}
	EndGlobalSection
	GlobalSection(ExtensibilityGlobals) = postSolution
		SolutionGuid = {258428AA-3F08-46CA-A106-747AE0C89119}
	EndGlobalSection
EndGlobal
